
Microsoft Visual Studio Solution File, Format Version 12.00
# Visual Studio Version 17
VisualStudioVersion = 17.0.32014.148
MinimumVisualStudioVersion = 10.0.40219.1
Project("{FAE04EC0-301F-11D3-BF4B-00C04F79EFBC}") = "Example", "Example\Example.csproj", "{A4D09BD2-4911-4258-BED4-6CC4793EDE79}"
EndProject
Global
	GlobalSection(SolutionConfigurationPlatforms) = preSolution
		Debug|Any CPU = Debug|Any CPU
		Release|Any CPU = Release|Any CPU
	EndGlobalSection
	GlobalSection(ProjectConfigurationPlatforms) = postSolution
		{A4D09BD2-4911-4258-BED4-6CC4793EDE79}.Debug|Any CPU.ActiveCfg = Debug|Any CPU
		{A4D09BD2-4911-4258-BED4-6CC4793EDE79}.Debug|Any CPU.Build.0 = Debug|Any CPU
		{A4D09BD2-4911-4258-BED4-6CC4793EDE79}.Release|Any CPU.ActiveCfg = Release|Any CPU
		{A4D09BD2-4911-4258-BED4-6CC4793EDE79}.Release|Any CPU.Build.0 = Release|Any CPU
	EndGlobalSection
	GlobalSection(SolutionProperties) = preSolution
		HideSolutionNode = FALSE
	EndGlobalSection
	GlobalSection(ExtensibilityGlobals) = postSolution
		SolutionGuid = {7E341BF2-8B4C-4C1A-B288-3F83F68CE147}
	EndGlobalSection
EndGlobal
